
Microsoft Visual Studio Solution File, Format Version 12.00
# Visual Studio Version 16
VisualStudioVersion = 16.0.30413.136
MinimumVisualStudioVersion = 10.0.40219.1
Project("{FAE04EC0-301F-11D3-BF4B-00C04F79EFBC}") = "XamAppX.Android", "XamAppX\XamAppX.Android\XamAppX.Android.csproj", "{E4E03F7E-4E37-4DD7-A98E-0C7B379A029E}"
EndProject
Project("{FAE04EC0-301F-11D3-BF4B-00C04F79EFBC}") = "XamAppX.iOS", "XamAppX\XamAppX.iOS\XamAppX.iOS.csproj", "{39727074-1465-4234-A04D-A3C96BD66803}"
EndProject
Project("{FAE04EC0-301F-11D3-BF4B-00C04F79EFBC}") = "XamAppX.UWP", "XamAppX\XamAppX.UWP\XamAppX.UWP.csproj", "{80081596-5026-4398-A752-9B525E71DA30}"
EndProject
Project("{9A19103F-16F7-4668-BE54-9A1E7A4F7556}") = "XamAppX", "XamAppX\XamAppX\XamAppX.csproj", "{8CC02279-88F8-4067-871C-EAAA5C053F78}"
EndProject
Global
	GlobalSection(SolutionConfigurationPlatforms) = preSolution
		Debug|Any CPU = Debug|Any CPU
		Debug|ARM = Debug|ARM
		Debug|iPhone = Debug|iPhone
		Debug|iPhoneSimulator = Debug|iPhoneSimulator
		Debug|x64 = Debug|x64
		Debug|x86 = Debug|x86
		Release|Any CPU = Release|Any CPU
		Release|ARM = Release|ARM
		Release|iPhone = Release|iPhone
		Release|iPhoneSimulator = Release|iPhoneSimulator
		Release|x64 = Release|x64
		Release|x86 = Release|x86
	EndGlobalSection
	GlobalSection(ProjectConfigurationPlatforms) = postSolution
		{E4E03F7E-4E37-4DD7-A98E-0C7B379A029E}.Debug|Any CPU.ActiveCfg = Debug|Any CPU
		{E4E03F7E-4E37-4DD7-A98E-0C7B379A029E}.Debug|Any CPU.Build.0 = Debug|Any CPU
		{E4E03F7E-4E37-4DD7-A98E-0C7B379A029E}.Debug|Any CPU.Deploy.0 = Debug|Any CPU
		{E4E03F7E-4E37-4DD7-A98E-0C7B379A029E}.Debug|ARM.ActiveCfg = Debug|Any CPU
		{E4E03F7E-4E37-4DD7-A98E-0C7B379A029E}.Debug|ARM.Build.0 = Debug|Any CPU
		{E4E03F7E-4E37-4DD7-A98E-0C7B379A029E}.Debug|ARM.Deploy.0 = Debug|Any CPU
		{E4E03F7E-4E37-4DD7-A98E-0C7B379A029E}.Debug|iPhone.ActiveCfg = Debug|Any CPU
		{E4E03F7E-4E37-4DD7-A98E-0C7B379A029E}.Debug|iPhone.Build.0 = Debug|Any CPU
		{E4E03F7E-4E37-4DD7-A98E-0C7B379A029E}.Debug|iPhone.Deploy.0 = Debug|Any CPU
		{E4E03F7E-4E37-4DD7-A98E-0C7B379A029E}.Debug|iPhoneSimulator.ActiveCfg = Debug|Any CPU
		{E4E03F7E-4E37-4DD7-A98E-0C7B379A029E}.Debug|iPhoneSimulator.Build.0 = Debug|Any CPU
		{E4E03F7E-4E37-4DD7-A98E-0C7B379A029E}.Debug|iPhoneSimulator.Deploy.0 = Debug|Any CPU
		{E4E03F7E-4E37-4DD7-A98E-0C7B379A029E}.Debug|x64.ActiveCfg = Debug|Any CPU
		{E4E03F7E-4E37-4DD7-A98E-0C7B379A029E}.Debug|x64.Build.0 = Debug|Any CPU
		{E4E03F7E-4E37-4DD7-A98E-0C7B379A029E}.Debug|x64.Deploy.0 = Debug|Any CPU
		{E4E03F7E-4E37-4DD7-A98E-0C7B379A029E}.Debug|x86.ActiveCfg = Debug|Any CPU
		{E4E03F7E-4E37-4DD7-A98E-0C7B379A029E}.Debug|x86.Build.0 = Debug|Any CPU
		{E4E03F7E-4E37-4DD7-A98E-0C7B379A029E}.Debug|x86.Deploy.0 = Debug|Any CPU
		{E4E03F7E-4E37-4DD7-A98E-0C7B379A029E}.Release|Any CPU.ActiveCfg = Release|Any CPU
		{E4E03F7E-4E37-4DD7-A98E-0C7B379A029E}.Release|Any CPU.Build.0 = Release|Any CPU
		{E4E03F7E-4E37-4DD7-A98E-0C7B379A029E}.Release|Any CPU.Deploy.0 = Release|Any CPU
		{E4E03F7E-4E37-4DD7-A98E-0C7B379A029E}.Release|ARM.ActiveCfg = Release|Any CPU
		{E4E03F7E-4E37-4DD7-A98E-0C7B379A029E}.Release|ARM.Build.0 = Release|Any CPU
		{E4E03F7E-4E37-4DD7-A98E-0C7B379A029E}.Release|ARM.Deploy.0 = Release|Any CPU
		{E4E03F7E-4E37-4DD7-A98E-0C7B379A029E}.Release|iPhone.ActiveCfg = Release|Any CPU
		{E4E03F7E-4E37-4DD7-A98E-0C7B379A029E}.Release|iPhone.Build.0 = Release|Any CPU
		{E4E03F7E-4E37-4DD7-A98E-0C7B379A029E}.Release|iPhone.Deploy.0 = Release|Any CPU
		{E4E03F7E-4E37-4DD7-A98E-0C7B379A029E}.Release|iPhoneSimulator.ActiveCfg = Release|Any CPU
		{E4E03F7E-4E37-4DD7-A98E-0C7B379A029E}.Release|iPhoneSimulator.Build.0 = Release|Any CPU
		{E4E03F7E-4E37-4DD7-A98E-0C7B379A029E}.Release|iPhoneSimulator.Deploy.0 = Release|Any CPU
		{E4E03F7E-4E37-4DD7-A98E-0C7B379A029E}.Release|x64.ActiveCfg = Release|Any CPU
		{E4E03F7E-4E37-4DD7-A98E-0C7B379A029E}.Release|x64.Build.0 = Release|Any CPU
		{E4E03F7E-4E37-4DD7-A98E-0C7B379A029E}.Release|x64.Deploy.0 = Release|Any CPU
		{E4E03F7E-4E37-4DD7-A98E-0C7B379A029E}.Release|x86.ActiveCfg = Release|Any CPU
		{E4E03F7E-4E37-4DD7-A98E-0C7B379A029E}.Release|x86.Build.0 = Release|Any CPU
		{E4E03F7E-4E37-4DD7-A98E-0C7B379A029E}.Release|x86.Deploy.0 = Release|Any CPU
		{39727074-1465-4234-A04D-A3C96BD66803}.Debug|Any CPU.ActiveCfg = Debug|iPhoneSimulator
		{39727074-1465-4234-A04D-A3C96BD66803}.Debug|Any CPU.Build.0 = Debug|iPhoneSimulator
		{39727074-1465-4234-A04D-A3C96BD66803}.Debug|Any CPU.Deploy.0 = Debug|iPhoneSimulator
		{39727074-1465-4234-A04D-A3C96BD66803}.Debug|ARM.ActiveCfg = Debug|iPhone
		{39727074-1465-4234-A04D-A3C96BD66803}.Debug|ARM.Build.0 = Debug|iPhone
		{39727074-1465-4234-A04D-A3C96BD66803}.Debug|ARM.Deploy.0 = Debug|iPhone
		{39727074-1465-4234-A04D-A3C96BD66803}.Debug|iPhone.ActiveCfg = Debug|iPhone
		{39727074-1465-4234-A04D-A3C96BD66803}.Debug|iPhone.Build.0 = Debug|iPhone
		{39727074-1465-4234-A04D-A3C96BD66803}.Debug|iPhone.Deploy.0 = Debug|iPhone
		{39727074-1465-4234-A04D-A3C96BD66803}.Debug|iPhoneSimulator.ActiveCfg = Debug|iPhoneSimulator
		{39727074-1465-4234-A04D-A3C96BD66803}.Debug|iPhoneSimulator.Build.0 = Debug|iPhoneSimulator
		{39727074-1465-4234-A04D-A3C96BD66803}.Debug|iPhoneSimulator.Deploy.0 = Debug|iPhoneSimulator
		{39727074-1465-4234-A04D-A3C96BD66803}.Debug|x64.ActiveCfg = Debug|iPhone
		{39727074-1465-4234-A04D-A3C96BD66803}.Debug|x64.Build.0 = Debug|iPhone
		{39727074-1465-4234-A04D-A3C96BD66803}.Debug|x64.Deploy.0 = Debug|iPhone
		{39727074-1465-4234-A04D-A3C96BD66803}.Debug|x86.ActiveCfg = Debug|iPhone
		{39727074-1465-4234-A04D-A3C96BD66803}.Debug|x86.Build.0 = Debug|iPhone
		{39727074-1465-4234-A04D-A3C96BD66803}.Debug|x86.Deploy.0 = Debug|iPhone
		{39727074-1465-4234-A04D-A3C96BD66803}.Release|Any CPU.ActiveCfg = Release|iPhone
		{39727074-1465-4234-A04D-A3C96BD66803}.Release|Any CPU.Build.0 = Release|iPhone
		{39727074-1465-4234-A04D-A3C96BD66803}.Release|Any CPU.Deploy.0 = Release|iPhone
		{39727074-1465-4234-A04D-A3C96BD66803}.Release|ARM.ActiveCfg = Release|iPhone
		{39727074-1465-4234-A04D-A3C96BD66803}.Release|ARM.Build.0 = Release|iPhone
		{39727074-1465-4234-A04D-A3C96BD66803}.Release|ARM.Deploy.0 = Release|iPhone
		{39727074-1465-4234-A04D-A3C96BD66803}.Release|iPhone.ActiveCfg = Release|iPhone
		{39727074-1465-4234-A04D-A3C96BD66803}.Release|iPhone.Build.0 = Release|iPhone
		{39727074-1465-4234-A04D-A3C96BD66803}.Release|iPhone.Deploy.0 = Release|iPhone
		{39727074-1465-4234-A04D-A3C96BD66803}.Release|iPhoneSimulator.ActiveCfg = Release|iPhoneSimulator
		{39727074-1465-4234-A04D-A3C96BD66803}.Release|iPhoneSimulator.Build.0 = Release|iPhoneSimulator
		{39727074-1465-4234-A04D-A3C96BD66803}.Release|iPhoneSimulator.Deploy.0 = Release|iPhoneSimulator
		{39727074-1465-4234-A04D-A3C96BD66803}.Release|x64.ActiveCfg = Release|iPhone
		{39727074-1465-4234-A04D-A3C96BD66803}.Release|x64.Build.0 = Release|iPhone
		{39727074-1465-4234-A04D-A3C96BD66803}.Release|x64.Deploy.0 = Release|iPhone
		{39727074-1465-4234-A04D-A3C96BD66803}.Release|x86.ActiveCfg = Release|iPhone
		{39727074-1465-4234-A04D-A3C96BD66803}.Release|x86.Build.0 = Release|iPhone
		{39727074-1465-4234-A04D-A3C96BD66803}.Release|x86.Deploy.0 = Release|iPhone
		{80081596-5026-4398-A752-9B525E71DA30}.Debug|Any CPU.ActiveCfg = Debug|x86
		{80081596-5026-4398-A752-9B525E71DA30}.Debug|Any CPU.Build.0 = Debug|x86
		{80081596-5026-4398-A752-9B525E71DA30}.Debug|Any CPU.Deploy.0 = Debug|x86
		{80081596-5026-4398-A752-9B525E71DA30}.Debug|ARM.ActiveCfg = Debug|ARM
		{80081596-5026-4398-A752-9B525E71DA30}.Debug|ARM.Build.0 = Debug|ARM
		{80081596-5026-4398-A752-9B525E71DA30}.Debug|ARM.Deploy.0 = Debug|ARM
		{80081596-5026-4398-A752-9B525E71DA30}.Debug|iPhone.ActiveCfg = Debug|x86
		{80081596-5026-4398-A752-9B525E71DA30}.Debug|iPhone.Build.0 = Debug|x86
		{80081596-5026-4398-A752-9B525E71DA30}.Debug|iPhone.Deploy.0 = Debug|x86
		{80081596-5026-4398-A752-9B525E71DA30}.Debug|iPhoneSimulator.ActiveCfg = Debug|x86
		{80081596-5026-4398-A752-9B525E71DA30}.Debug|iPhoneSimulator.Build.0 = Debug|x86
		{80081596-5026-4398-A752-9B525E71DA30}.Debug|iPhoneSimulator.Deploy.0 = Debug|x86
		{80081596-5026-4398-A752-9B525E71DA30}.Debug|x64.ActiveCfg = Debug|x64
		{80081596-5026-4398-A752-9B525E71DA30}.Debug|x64.Build.0 = Debug|x64
		{80081596-5026-4398-A752-9B525E71DA30}.Debug|x64.Deploy.0 = Debug|x64
		{80081596-5026-4398-A752-9B525E71DA30}.Debug|x86.ActiveCfg = Debug|x86
		{80081596-5026-4398-A752-9B525E71DA30}.Debug|x86.Build.0 = Debug|x86
		{80081596-5026-4398-A752-9B525E71DA30}.Debug|x86.Deploy.0 = Debug|x86
		{80081596-5026-4398-A752-9B525E71DA30}.Release|Any CPU.ActiveCfg = Release|x86
		{80081596-5026-4398-A752-9B525E71DA30}.Release|Any CPU.Build.0 = Release|x86
		{80081596-5026-4398-A752-9B525E71DA30}.Release|Any CPU.Deploy.0 = Release|x86
		{80081596-5026-4398-A752-9B525E71DA30}.Release|ARM.ActiveCfg = Release|ARM
		{80081596-5026-4398-A752-9B525E71DA30}.Release|ARM.Build.0 = Release|ARM
		{80081596-5026-4398-A752-9B525E71DA30}.Release|ARM.Deploy.0 = Release|ARM
		{80081596-5026-4398-A752-9B525E71DA30}.Release|iPhone.ActiveCfg = Release|x86
		{80081596-5026-4398-A752-9B525E71DA30}.Release|iPhone.Build.0 = Release|x86
		{80081596-5026-4398-A752-9B525E71DA30}.Release|iPhone.Deploy.0 = Release|x86
		{80081596-5026-4398-A752-9B525E71DA30}.Release|iPhoneSimulator.ActiveCfg = Release|x86
		{80081596-5026-4398-A752-9B525E71DA30}.Release|iPhoneSimulator.Build.0 = Release|x86
		{80081596-5026-4398-A752-9B525E71DA30}.Release|iPhoneSimulator.Deploy.0 = Release|x86
		{80081596-5026-4398-A752-9B525E71DA30}.Release|x64.ActiveCfg = Release|x64
		{80081596-5026-4398-A752-9B525E71DA30}.Release|x64.Build.0 = Release|x64
		{80081596-5026-4398-A752-9B525E71DA30}.Release|x64.Deploy.0 = Release|x64
		{80081596-5026-4398-A752-9B525E71DA30}.Release|x86.ActiveCfg = Release|x86
		{80081596-5026-4398-A752-9B525E71DA30}.Release|x86.Build.0 = Release|x86
		{80081596-5026-4398-A752-9B525E71DA30}.Release|x86.Deploy.0 = Release|x86
		{8CC02279-88F8-4067-871C-EAAA5C053F78}.Debug|Any CPU.ActiveCfg = Debug|Any CPU
		{8CC02279-88F8-4067-871C-EAAA5C053F78}.Debug|Any CPU.Build.0 = Debug|Any CPU
		{8CC02279-88F8-4067-871C-EAAA5C053F78}.Debug|Any CPU.Deploy.0 = Debug|Any CPU
		{8CC02279-88F8-4067-871C-EAAA5C053F78}.Debug|ARM.ActiveCfg = Debug|Any CPU
		{8CC02279-88F8-4067-871C-EAAA5C053F78}.Debug|ARM.Build.0 = Debug|Any CPU
		{8CC02279-88F8-4067-871C-EAAA5C053F78}.Debug|ARM.Deploy.0 = Debug|Any CPU
		{8CC02279-88F8-4067-871C-EAAA5C053F78}.Debug|iPhone.ActiveCfg = Debug|Any CPU
		{8CC02279-88F8-4067-871C-EAAA5C053F78}.Debug|iPhone.Build.0 = Debug|Any CPU
		{8CC02279-88F8-4067-871C-EAAA5C053F78}.Debug|iPhone.Deploy.0 = Debug|Any CPU
		{8CC02279-88F8-4067-871C-EAAA5C053F78}.Debug|iPhoneSimulator.ActiveCfg = Debug|Any CPU
		{8CC02279-88F8-4067-871C-EAAA5C053F78}.Debug|iPhoneSimulator.Build.0 = Debug|Any CPU
		{8CC02279-88F8-4067-871C-EAAA5C053F78}.Debug|iPhoneSimulator.Deploy.0 = Debug|Any CPU
		{8CC02279-88F8-4067-871C-EAAA5C053F78}.Debug|x64.ActiveCfg = Debug|Any CPU
		{8CC02279-88F8-4067-871C-EAAA5C053F78}.Debug|x64.Build.0 = Debug|Any CPU
		{8CC02279-88F8-4067-871C-EAAA5C053F78}.Debug|x64.Deploy.0 = Debug|Any CPU
		{8CC02279-88F8-4067-871C-EAAA5C053F78}.Debug|x86.ActiveCfg = Debug|Any CPU
		{8CC02279-88F8-4067-871C-EAAA5C053F78}.Debug|x86.Build.0 = Debug|Any CPU
		{8CC02279-88F8-4067-871C-EAAA5C053F78}.Debug|x86.Deploy.0 = Debug|Any CPU
		{8CC02279-88F8-4067-871C-EAAA5C053F78}.Release|Any CPU.ActiveCfg = Release|Any CPU
		{8CC02279-88F8-4067-871C-EAAA5C053F78}.Release|Any CPU.Build.0 = Release|Any CPU
		{8CC02279-88F8-4067-871C-EAAA5C053F78}.Release|Any CPU.Deploy.0 = Release|Any CPU
		{8CC02279-88F8-4067-871C-EAAA5C053F78}.Release|ARM.ActiveCfg = Release|Any CPU
		{8CC02279-88F8-4067-871C-EAAA5C053F78}.Release|ARM.Build.0 = Release|Any CPU
		{8CC02279-88F8-4067-871C-EAAA5C053F78}.Release|ARM.Deploy.0 = Release|Any CPU
		{8CC02279-88F8-4067-871C-EAAA5C053F78}.Release|iPhone.ActiveCfg = Release|Any CPU
		{8CC02279-88F8-4067-871C-EAAA5C053F78}.Release|iPhone.Build.0 = Release|Any CPU
		{8CC02279-88F8-4067-871C-EAAA5C053F78}.Release|iPhone.Deploy.0 = Release|Any CPU
		{8CC02279-88F8-4067-871C-EAAA5C053F78}.Release|iPhoneSimulator.ActiveCfg = Release|Any CPU
		{8CC02279-88F8-4067-871C-EAAA5C053F78}.Release|iPhoneSimulator.Build.0 = Release|Any CPU
		{8CC02279-88F8-4067-871C-EAAA5C053F78}.Release|iPhoneSimulator.Deploy.0 = Release|Any CPU
		{8CC02279-88F8-4067-871C-EAAA5C053F78}.Release|x64.ActiveCfg = Release|Any CPU
		{8CC02279-88F8-4067-871C-EAAA5C053F78}.Release|x64.Build.0 = Release|Any CPU
		{8CC02279-88F8-4067-871C-EAAA5C053F78}.Release|x64.Deploy.0 = Release|Any CPU
		{8CC02279-88F8-4067-871C-EAAA5C053F78}.Release|x86.ActiveCfg = Release|Any CPU
		{8CC02279-88F8-4067-871C-EAAA5C053F78}.Release|x86.Build.0 = Release|Any CPU
		{8CC02279-88F8-4067-871C-EAAA5C053F78}.Release|x86.Deploy.0 = Release|Any CPU
	EndGlobalSection
	GlobalSection(SolutionProperties) = preSolution
		HideSolutionNode = FALSE
	EndGlobalSection
	GlobalSection(ExtensibilityGlobals) = postSolution
		SolutionGuid = {C94BDD39-6141-4D11-9BD8-3B0B1C06A80B}
	EndGlobalSection
EndGlobal
